
Microsoft Visual Studio Solution File, Format Version 12.00
# Visual Studio 14
VisualStudioVersion = 14.0.25420.1
MinimumVisualStudioVersion = 10.0.40219.1
Project("{FAE04EC0-301F-11D3-BF4B-00C04F79EFBC}") = "ProductApp", "ProductApp\ProductApp.csproj", "{576ADBB6-3D04-4688-A6D7-EB92F8B8B829}"
EndProject
Project("{FAE04EC0-301F-11D3-BF4B-00C04F79EFBC}") = "DAL", "DAL\DAL.csproj", "{B4BDF716-C208-4EC8-A868-F7F7B6898AB1}"
EndProject
Project("{FAE04EC0-301F-11D3-BF4B-00C04F79EFBC}") = "WebProject", "WebProject\WebProject.csproj", "{D77A8E96-BB70-42A4-AD1B-6E425D23D258}"
EndProject
Global
	GlobalSection(SolutionConfigurationPlatforms) = preSolution
		Debug|Any CPU = Debug|Any CPU
		Release|Any CPU = Release|Any CPU
	EndGlobalSection
	GlobalSection(ProjectConfigurationPlatforms) = postSolution
		{576ADBB6-3D04-4688-A6D7-EB92F8B8B829}.Debug|Any CPU.ActiveCfg = Debug|Any CPU
		{576ADBB6-3D04-4688-A6D7-EB92F8B8B829}.Debug|Any CPU.Build.0 = Debug|Any CPU
		{576ADBB6-3D04-4688-A6D7-EB92F8B8B829}.Release|Any CPU.ActiveCfg = Release|Any CPU
		{576ADBB6-3D04-4688-A6D7-EB92F8B8B829}.Release|Any CPU.Build.0 = Release|Any CPU
		{B4BDF716-C208-4EC8-A868-F7F7B6898AB1}.Debug|Any CPU.ActiveCfg = Debug|Any CPU
		{B4BDF716-C208-4EC8-A868-F7F7B6898AB1}.Debug|Any CPU.Build.0 = Debug|Any CPU
		{B4BDF716-C208-4EC8-A868-F7F7B6898AB1}.Release|Any CPU.ActiveCfg = Release|Any CPU
		{B4BDF716-C208-4EC8-A868-F7F7B6898AB1}.Release|Any CPU.Build.0 = Release|Any CPU
		{D77A8E96-BB70-42A4-AD1B-6E425D23D258}.Debug|Any CPU.ActiveCfg = Debug|Any CPU
		{D77A8E96-BB70-42A4-AD1B-6E425D23D258}.Debug|Any CPU.Build.0 = Debug|Any CPU
		{D77A8E96-BB70-42A4-AD1B-6E425D23D258}.Release|Any CPU.ActiveCfg = Release|Any CPU
		{D77A8E96-BB70-42A4-AD1B-6E425D23D258}.Release|Any CPU.Build.0 = Release|Any CPU
	EndGlobalSection
	GlobalSection(SolutionProperties) = preSolution
		HideSolutionNode = FALSE
	EndGlobalSection
EndGlobal
